dependencies:
- name: keda
  repository: https://kedacore.github.io/charts
  version: 2.17.0
- name: cloudnative-pg
  repository: https://cloudnative-pg.github.io/charts
  version: 0.19.1
- name: argo-cd
  repository: https://argoproj.github.io/argo-helm
  version: 7.9.1
digest: sha256:98bd15f28c55d00956386281552cd9d394ae26d2e50fdbc91524bfa042ce727d
generated: "2025-05-11T23:09:09.649581+02:00"
